
Microsoft Visual Studio Solution File, Format Version 12.00
# Visual Studio Version 17
VisualStudioVersion = 17.0.31903.59
MinimumVisualStudioVersion = 10.0.40219.1
Project("{FAE04EC0-301F-11D3-BF4B-00C04F79EFBC}") = "Application", "Application\Application.csproj", "{D31A7C90-02CB-4883-BB8C-4978CC062825}"
EndProject
Project("{FAE04EC0-301F-11D3-BF4B-00C04F79EFBC}") = "Infrastructure", "Infrastructure\Infrastructure.csproj", "{D445E08B-4EE9-40BA-AE28-40117CA9F84E}"
EndProject
Project("{FAE04EC0-301F-11D3-BF4B-00C04F79EFBC}") = "Domain", "Domain\Domain.csproj", "{EF126070-B138-46FA-B0A3-A5767620F391}"
EndProject
Project("{FAE04EC0-301F-11D3-BF4B-00C04F79EFBC}") = "API", "API\API.csproj", "{BB6966D9-8ACE-4E7E-90DF-E134E10D402A}"
EndProject
Global
	GlobalSection(SolutionConfigurationPlatforms) = preSolution
		Debug|Any CPU = Debug|Any CPU
		Debug|x64 = Debug|x64
		Debug|x86 = Debug|x86
		Release|Any CPU = Release|Any CPU
		Release|x64 = Release|x64
		Release|x86 = Release|x86
	EndGlobalSection
	GlobalSection(ProjectConfigurationPlatforms) = postSolution
		{D31A7C90-02CB-4883-BB8C-4978CC062825}.Debug|Any CPU.ActiveCfg = Debug|Any CPU
		{D31A7C90-02CB-4883-BB8C-4978CC062825}.Debug|Any CPU.Build.0 = Debug|Any CPU
		{D31A7C90-02CB-4883-BB8C-4978CC062825}.Debug|x64.ActiveCfg = Debug|Any CPU
		{D31A7C90-02CB-4883-BB8C-4978CC062825}.Debug|x64.Build.0 = Debug|Any CPU
		{D31A7C90-02CB-4883-BB8C-4978CC062825}.Debug|x86.ActiveCfg = Debug|Any CPU
		{D31A7C90-02CB-4883-BB8C-4978CC062825}.Debug|x86.Build.0 = Debug|Any CPU
		{D31A7C90-02CB-4883-BB8C-4978CC062825}.Release|Any CPU.ActiveCfg = Release|Any CPU
		{D31A7C90-02CB-4883-BB8C-4978CC062825}.Release|Any CPU.Build.0 = Release|Any CPU
		{D31A7C90-02CB-4883-BB8C-4978CC062825}.Release|x64.ActiveCfg = Release|Any CPU
		{D31A7C90-02CB-4883-BB8C-4978CC062825}.Release|x64.Build.0 = Release|Any CPU
		{D31A7C90-02CB-4883-BB8C-4978CC062825}.Release|x86.ActiveCfg = Release|Any CPU
		{D31A7C90-02CB-4883-BB8C-4978CC062825}.Release|x86.Build.0 = Release|Any CPU
		{D445E08B-4EE9-40BA-AE28-40117CA9F84E}.Debug|Any CPU.ActiveCfg = Debug|Any CPU
		{D445E08B-4EE9-40BA-AE28-40117CA9F84E}.Debug|Any CPU.Build.0 = Debug|Any CPU
		{D445E08B-4EE9-40BA-AE28-40117CA9F84E}.Debug|x64.ActiveCfg = Debug|Any CPU
		{D445E08B-4EE9-40BA-AE28-40117CA9F84E}.Debug|x64.Build.0 = Debug|Any CPU
		{D445E08B-4EE9-40BA-AE28-40117CA9F84E}.Debug|x86.ActiveCfg = Debug|Any CPU
		{D445E08B-4EE9-40BA-AE28-40117CA9F84E}.Debug|x86.Build.0 = Debug|Any CPU
		{D445E08B-4EE9-40BA-AE28-40117CA9F84E}.Release|Any CPU.ActiveCfg = Release|Any CPU
		{D445E08B-4EE9-40BA-AE28-40117CA9F84E}.Release|Any CPU.Build.0 = Release|Any CPU
		{D445E08B-4EE9-40BA-AE28-40117CA9F84E}.Release|x64.ActiveCfg = Release|Any CPU
		{D445E08B-4EE9-40BA-AE28-40117CA9F84E}.Release|x64.Build.0 = Release|Any CPU
		{D445E08B-4EE9-40BA-AE28-40117CA9F84E}.Release|x86.ActiveCfg = Release|Any CPU
		{D445E08B-4EE9-40BA-AE28-40117CA9F84E}.Release|x86.Build.0 = Release|Any CPU
		{EF126070-B138-46FA-B0A3-A5767620F391}.Debug|Any CPU.ActiveCfg = Debug|Any CPU
		{EF126070-B138-46FA-B0A3-A5767620F391}.Debug|Any CPU.Build.0 = Debug|Any CPU
		{EF126070-B138-46FA-B0A3-A5767620F391}.Debug|x64.ActiveCfg = Debug|Any CPU
		{EF126070-B138-46FA-B0A3-A5767620F391}.Debug|x64.Build.0 = Debug|Any CPU
		{EF126070-B138-46FA-B0A3-A5767620F391}.Debug|x86.ActiveCfg = Debug|Any CPU
		{EF126070-B138-46FA-B0A3-A5767620F391}.Debug|x86.Build.0 = Debug|Any CPU
		{EF126070-B138-46FA-B0A3-A5767620F391}.Release|Any CPU.ActiveCfg = Release|Any CPU
		{EF126070-B138-46FA-B0A3-A5767620F391}.Release|Any CPU.Build.0 = Release|Any CPU
		{EF126070-B138-46FA-B0A3-A5767620F391}.Release|x64.ActiveCfg = Release|Any CPU
		{EF126070-B138-46FA-B0A3-A5767620F391}.Release|x64.Build.0 = Release|Any CPU
		{EF126070-B138-46FA-B0A3-A5767620F391}.Release|x86.ActiveCfg = Release|Any CPU
		{EF126070-B138-46FA-B0A3-A5767620F391}.Release|x86.Build.0 = Release|Any CPU
		{BB6966D9-8ACE-4E7E-90DF-E134E10D402A}.Debug|Any CPU.ActiveCfg = Debug|Any CPU
		{BB6966D9-8ACE-4E7E-90DF-E134E10D402A}.Debug|Any CPU.Build.0 = Debug|Any CPU
		{BB6966D9-8ACE-4E7E-90DF-E134E10D402A}.Debug|x64.ActiveCfg = Debug|Any CPU
		{BB6966D9-8ACE-4E7E-90DF-E134E10D402A}.Debug|x64.Build.0 = Debug|Any CPU
		{BB6966D9-8ACE-4E7E-90DF-E134E10D402A}.Debug|x86.ActiveCfg = Debug|Any CPU
		{BB6966D9-8ACE-4E7E-90DF-E134E10D402A}.Debug|x86.Build.0 = Debug|Any CPU
		{BB6966D9-8ACE-4E7E-90DF-E134E10D402A}.Release|Any CPU.ActiveCfg = Release|Any CPU
		{BB6966D9-8ACE-4E7E-90DF-E134E10D402A}.Release|Any CPU.Build.0 = Release|Any CPU
		{BB6966D9-8ACE-4E7E-90DF-E134E10D402A}.Release|x64.ActiveCfg = Release|Any CPU
		{BB6966D9-8ACE-4E7E-90DF-E134E10D402A}.Release|x64.Build.0 = Release|Any CPU
		{BB6966D9-8ACE-4E7E-90DF-E134E10D402A}.Release|x86.ActiveCfg = Release|Any CPU
		{BB6966D9-8ACE-4E7E-90DF-E134E10D402A}.Release|x86.Build.0 = Release|Any CPU
	EndGlobalSection
	GlobalSection(SolutionProperties) = preSolution
		HideSolutionNode = FALSE
	EndGlobalSection
EndGlobal
